
Microsoft Visual Studio Solution File, Format Version 12.00
# Visual Studio Version 17
VisualStudioVersion = 17.7.34221.43
MinimumVisualStudioVersion = 10.0.40219.1
Project("{FAE04EC0-301F-11D3-BF4B-00C04F79EFBC}") = "CoinsCounter", "CoinsCounter\CoinsCounter.csproj", "{7C87517A-D46D-4134-839E-9C31FB141AFF}"
EndProject
Global
	GlobalSection(SolutionConfigurationPlatforms) = preSolution
		Debug|Any CPU = Debug|Any CPU
		Release|Any CPU = Release|Any CPU
	EndGlobalSection
	GlobalSection(ProjectConfigurationPlatforms) = postSolution
		{7C87517A-D46D-4134-839E-9C31FB141AFF}.Debug|Any CPU.ActiveCfg = Debug|Any CPU
		{7C87517A-D46D-4134-839E-9C31FB141AFF}.Debug|Any CPU.Build.0 = Debug|Any CPU
		{7C87517A-D46D-4134-839E-9C31FB141AFF}.Release|Any CPU.ActiveCfg = Release|Any CPU
		{7C87517A-D46D-4134-839E-9C31FB141AFF}.Release|Any CPU.Build.0 = Release|Any CPU
	EndGlobalSection
	GlobalSection(SolutionProperties) = preSolution
		HideSolutionNode = FALSE
	EndGlobalSection
	GlobalSection(ExtensibilityGlobals) = postSolution
		SolutionGuid = {3B579DB7-F9BE-420C-9A11-E2AC02D17939}
	EndGlobalSection
EndGlobal
